{
  "name": "nginx-dd-extension",
  "lockfileVersion": 3,
  "requires": true,
  "packages": {
    "": {
      "dependencies": {
        "@monaco-editor/react": "^4.4.6",
        "@uiw/react-monacoeditor": "^3.5.7",
        "monaco-editor-nginx": "^1.0.12"
      }
    },
    "node_modules/@babel/runtime": {
      "version": "7.21.0",
      "resolved": "https://registry.npmjs.org/@babel/runtime/-/runtime-7.21.0.tgz",
      "integrity": "sha512-xwII0//EObnq89Ji5AKYQaRYiW/nZ3llSv29d49IuxPhKbtJoLP+9QUUZ4nVragQVtaVGeZrpB+ZtG/Pdy/POw==",
      "dependencies": {
        "regenerator-runtime": "^0.13.11"
      },
      "engines": {
        "node": ">=6.9.0"
      }
    },
    "node_modules/@monaco-editor/loader": {
      "version": "1.3.2",
      "resolved": "https://registry.npmjs.org/@monaco-editor/loader/-/loader-1.3.2.tgz",
      "integrity": "sha512-BTDbpHl3e47r3AAtpfVFTlAi7WXv4UQ/xZmz8atKl4q7epQV5e7+JbigFDViWF71VBi4IIBdcWP57Hj+OWuc9g==",
      "dependencies": {
        "state-local": "^1.0.6"
      },
      "peerDependencies": {
        "monaco-editor": ">= 0.21.0 < 1"
      }
    },
    "node_modules/@monaco-editor/react": {
      "version": "4.4.6",
      "resolved": "https://registry.npmjs.org/@monaco-editor/react/-/react-4.4.6.tgz",
      "integrity": "sha512-Gr3uz3LYf33wlFE3eRnta4RxP5FSNxiIV9ENn2D2/rN8KgGAD8ecvcITRtsbbyuOuNkwbuHYxfeaz2Vr+CtyFA==",
      "dependencies": {
        "@monaco-editor/loader": "^1.3.2",
        "prop-types": "^15.7.2"
      },
      "peerDependencies": {
        "monaco-editor": ">= 0.25.0 < 1",
        "react": "^16.8.0 || ^17.0.0 || ^18.0.0",
        "react-dom": "^16.8.0 || ^17.0.0 || ^18.0.0"
      }
    },
    "node_modules/@uiw/react-monacoeditor": {
      "version": "3.5.7",
      "resolved": "https://registry.npmjs.org/@uiw/react-monacoeditor/-/react-monacoeditor-3.5.7.tgz",
      "integrity": "sha512-0dBX+1gXb7OO89mMG5NrHnqhTyspqsPS26zOyHma6gQO4IXQzhLKzDVFTcke6+tnt/e7L7IrJJIHMrw3cLSKNw==",
      "dependencies": {
        "@babel/runtime": "^7.16.7",
        "monaco-editor": "^0.34.0"
      },
      "peerDependencies": {
        "react": ">=16.8.0",
        "react-dom": ">=16.8.0"
      }
    },
    "node_modules/@uiw/react-monacoeditor/node_modules/monaco-editor": {
      "version": "0.34.1",
      "resolved": "https://registry.npmjs.org/monaco-editor/-/monaco-editor-0.34.1.tgz",
      "integrity": "sha512-FKc80TyiMaruhJKKPz5SpJPIjL+dflGvz4CpuThaPMc94AyN7SeC9HQ8hrvaxX7EyHdJcUY5i4D0gNyJj1vSZQ=="
    },
    "node_modules/js-tokens": {
      "version": "4.0.0",
      "resolved": "https://registry.npmjs.org/js-tokens/-/js-tokens-4.0.0.tgz",
      "integrity": "sha512-RdJUflcE3cUzKiMqQgsCu06FPu9UdIJO0beYbPhHN4k6apgJtifcoCtT9bcxOpYBtpD2kCM6Sbzg4CausW/PKQ=="
    },
    "node_modules/loose-envify": {
      "version": "1.4.0",
      "resolved": "https://registry.npmjs.org/loose-envify/-/loose-envify-1.4.0.tgz",
      "integrity": "sha512-lyuxPGr/Wfhrlem2CL/UcnUc1zcqKAImBDzukY7Y5F/yQiNdko6+fRLevlw1HgMySw7f611UIY408EtxRSoK3Q==",
      "dependencies": {
        "js-tokens": "^3.0.0 || ^4.0.0"
      },
      "bin": {
        "loose-envify": "cli.js"
      }
    },
    "node_modules/monaco-editor": {
      "version": "0.36.1",
      "resolved": "https://registry.npmjs.org/monaco-editor/-/monaco-editor-0.36.1.tgz",
      "integrity": "sha512-/CaclMHKQ3A6rnzBzOADfwdSJ25BFoFT0Emxsc4zYVyav5SkK9iA6lEtIeuN/oRYbwPgviJT+t3l+sjFa28jYg==",
      "peer": true
    },
    "node_modules/monaco-editor-nginx": {
      "version": "1.0.12",
      "resolved": "https://registry.npmjs.org/monaco-editor-nginx/-/monaco-editor-nginx-1.0.12.tgz",
      "integrity": "sha512-a4I0iZdigFK6PsdAR6XitK5bRQhnsHx1/8BX6WSEoUvFA7M8cd15R+bW7O2vcRANakszmD7HhkoSWZoUGUfieg==",
      "peerDependencies": {
        "@babel/runtime": ">=7.10.0",
        "monaco-editor": ">=0.22.3",
        "react": ">=16.9.0",
        "react-dom": ">=16.9.0"
      }
    },
    "node_modules/object-assign": {
      "version": "4.1.1",
      "resolved": "https://registry.npmjs.org/object-assign/-/object-assign-4.1.1.tgz",
      "integrity": "sha512-rJgTQnkUnH1sFw8yT6VSU3zD3sWmu6sZhIseY8VX+GRu3P6F7Fu+JNDoXfklElbLJSnc3FUQHVe4cU5hj+BcUg==",
      "engines": {
        "node": ">=0.10.0"
      }
    },
    "node_modules/prop-types": {
      "version": "15.8.1",
      "resolved": "https://registry.npmjs.org/prop-types/-/prop-types-15.8.1.tgz",
      "integrity": "sha512-oj87CgZICdulUohogVAR7AjlC0327U4el4L6eAvOqCeudMDVU0NThNaV+b9Df4dXgSP1gXMTnPdhfe/2qDH5cg==",
      "dependencies": {
        "loose-envify": "^1.4.0",
        "object-assign": "^4.1.1",
        "react-is": "^16.13.1"
      }
    },
    "node_modules/react": {
      "version": "18.2.0",
      "resolved": "https://registry.npmjs.org/react/-/react-18.2.0.tgz",
      "integrity": "sha512-/3IjMdb2L9QbBdWiW5e3P2/npwMBaU9mHCSCUzNln0ZCYbcfTsGbTJrU/kGemdH2IWmB2ioZ+zkxtmq6g09fGQ==",
      "peer": true,
      "dependencies": {
        "loose-envify": "^1.1.0"
      },
      "engines": {
        "node": ">=0.10.0"
      }
    },
    "node_modules/react-dom": {
      "version": "18.2.0",
      "resolved": "https://registry.npmjs.org/react-dom/-/react-dom-18.2.0.tgz",
      "integrity": "sha512-6IMTriUmvsjHUjNtEDudZfuDQUoWXVxKHhlEGSk81n4YFS+r/Kl99wXiwlVXtPBtJenozv2P+hxDsw9eA7Xo6g==",
      "peer": true,
      "dependencies": {
        "loose-envify": "^1.1.0",
        "scheduler": "^0.23.0"
      },
      "peerDependencies": {
        "react": "^18.2.0"
      }
    },
    "node_modules/react-is": {
      "version": "16.13.1",
      "resolved": "https://registry.npmjs.org/react-is/-/react-is-16.13.1.tgz",
      "integrity": "sha512-24e6ynE2H+OKt4kqsOvNd8kBpV65zoxbA4BVsEOB3ARVWQki/DHzaUoC5KuON/BiccDaCCTZBuOcfZs70kR8bQ=="
    },
    "node_modules/regenerator-runtime": {
      "version": "0.13.11",
      "resolved": "https://registry.npmjs.org/regenerator-runtime/-/regenerator-runtime-0.13.11.tgz",
      "integrity": "sha512-kY1AZVr2Ra+t+piVaJ4gxaFaReZVH40AKNo7UCX6W+dEwBo/2oZJzqfuN1qLq1oL45o56cPaTXELwrTh8Fpggg=="
    },
    "node_modules/scheduler": {
      "version": "0.23.0",
      "resolved": "https://registry.npmjs.org/scheduler/-/scheduler-0.23.0.tgz",
      "integrity": "sha512-CtuThmgHNg7zIZWAXi3AsyIzA3n4xx7aNyjwC2VJldO2LMVDhFK+63xGqq6CsJH4rTAt6/M+N4GhZiDYPx9eUw==",
      "peer": true,
      "dependencies": {
        "loose-envify": "^1.1.0"
      }
    },
    "node_modules/state-local": {
      "version": "1.0.7",
      "resolved": "https://registry.npmjs.org/state-local/-/state-local-1.0.7.tgz",
      "integrity": "sha512-HTEHMNieakEnoe33shBYcZ7NX83ACUjCu8c40iOGEZsngj9zRnkqS9j1pqQPXwobB0ZcVTk27REb7COQ0UR59w=="
    }
  }
}
